
Microsoft Visual Studio Solution File, Format Version 12.00
# Visual Studio Version 16
VisualStudioVersion = 16.0.30517.126
MinimumVisualStudioVersion = 10.0.40219.1
Project("{F184B08F-C81C-45F6-A57F-5ABD9991F28F}") = "MVCControllerDemo", "MVCControllerDemo\MVCControllerDemo.vbproj", "{1F666C21-B159-49C2-973B-2611BA7362A8}"
EndProject
Global
	GlobalSection(SolutionConfigurationPlatforms) = preSolution
		Debug|Any CPU = Debug|Any CPU
		Release|Any CPU = Release|Any CPU
	EndGlobalSection
	GlobalSection(ProjectConfigurationPlatforms) = postSolution
		{1F666C21-B159-49C2-973B-2611BA7362A8}.Debug|Any CPU.ActiveCfg = Debug|Any CPU
		{1F666C21-B159-49C2-973B-2611BA7362A8}.Debug|Any CPU.Build.0 = Debug|Any CPU
		{1F666C21-B159-49C2-973B-2611BA7362A8}.Release|Any CPU.ActiveCfg = Release|Any CPU
		{1F666C21-B159-49C2-973B-2611BA7362A8}.Release|Any CPU.Build.0 = Release|Any CPU
	EndGlobalSection
	GlobalSection(SolutionProperties) = preSolution
		HideSolutionNode = FALSE
	EndGlobalSection
	GlobalSection(ExtensibilityGlobals) = postSolution
		SolutionGuid = {E518FF3C-C1B4-49F8-949C-37AEDEE52896}
	EndGlobalSection
EndGlobal
